schema: '2.0'
stages:
  prepare_data:
    cmd: python mlops_consumo_energia_tetouan/scripts/prepare_data.py
    deps:
    - path: data/raw/power_tetouan_city_modified.csv
      hash: md5
      md5: b86ef39f691bde959e50ca714aa1bcb5
      size: 4510965
    - path: mlops_consumo_energia_tetouan/dataset.py
      hash: md5
      md5: 98d7cdbf0f4b48aac30cd76b923f1bd1
      size: 6069
    - path: mlops_consumo_energia_tetouan/scripts/prepare_data.py
      hash: md5
      md5: d117d6e0d917feae2aa38bfe7b385781
      size: 192
    outs:
    - path: data/processed/power_tetouan_city_after_EDA.csv
      hash: md5
      md5: 88428603a9091008d629318d9ba08f4a
      size: 4308923
